
Microsoft Visual Studio Solution File, Format Version 12.00
Project("{2150E333-8FDC-42A3-9474-1A3956D46DE8}") = "Microservices", "Microservices", "{663CFA15-FB8D-4CF9-8577-1BB6486B6F5E}"
EndProject
Project("{2150E333-8FDC-42A3-9474-1A3956D46DE8}") = "Domain", "Domain", "{B83B5041-00FA-4D29-9ED0-ED3D46242DE6}"
EndProject
Project("{2150E333-8FDC-42A3-9474-1A3956D46DE8}") = "Infra.Bus", "Infra.Bus", "{5187A55E-677F-4D35-902F-A58433825487}"
EndProject
Project("{2150E333-8FDC-42A3-9474-1A3956D46DE8}") = "Infra.IoC", "Infra.IoC", "{765B2DD4-D419-4958-ABD0-E4D08D4118EC}"
EndProject
Project("{2150E333-8FDC-42A3-9474-1A3956D46DE8}") = "Presentation", "Presentation", "{A18364B6-968F-49E8-96C1-AA35C4D06B8B}"
EndProject
Project("{FAE04EC0-301F-11D3-BF4B-00C04F79EFBC}") = "MicroRabbit.Domain.Core", "MicroRabbit.Domain.Core\MicroRabbit.Domain.Core.csproj", "{DF76127C-5A50-4C6A-ABD2-EA8EC8CF9525}"
EndProject
Project("{FAE04EC0-301F-11D3-BF4B-00C04F79EFBC}") = "MicroRabbit.Infra.Bus", "MicroRabbit.Infra.Bus\MicroRabbit.Infra.Bus.csproj", "{DB2DA8B3-7FB8-4692-A0D1-EE08F7EBDCE2}"
EndProject
Project("{FAE04EC0-301F-11D3-BF4B-00C04F79EFBC}") = "MicroRabbit.Infra.IoC", "MicroRabbit.Infra.IoC\MicroRabbit.Infra.IoC.csproj", "{1635CA12-C2BD-4205-8837-73B4DFC943D2}"
EndProject
Project("{2150E333-8FDC-42A3-9474-1A3956D46DE8}") = "Banking", "Banking", "{80433672-67C0-43B4-9B7C-1F0CB0835F5F}"
EndProject
Project("{2150E333-8FDC-42A3-9474-1A3956D46DE8}") = "Api", "Api", "{2F33D95E-969F-4874-A1BD-B1C3EFA911DA}"
EndProject
Project("{2150E333-8FDC-42A3-9474-1A3956D46DE8}") = "Domain", "Domain", "{47869FC4-92CD-451E-A682-0DC2CEFFEC7C}"
EndProject
Project("{2150E333-8FDC-42A3-9474-1A3956D46DE8}") = "Application", "Application", "{C820904F-7404-4F84-806D-DE1439CC82D5}"
EndProject
Project("{2150E333-8FDC-42A3-9474-1A3956D46DE8}") = "Data", "Data", "{342F5E31-3CF4-4DE3-BF1D-CCCC896982EF}"
EndProject
Project("{FAE04EC0-301F-11D3-BF4B-00C04F79EFBC}") = "MicroRabbit.Banking.Api", "MicroRabbit.Banking.Api\MicroRabbit.Banking.Api.csproj", "{93F66C7D-FE63-445B-9149-81BCCC43B61F}"
EndProject
Project("{FAE04EC0-301F-11D3-BF4B-00C04F79EFBC}") = "MicroRabbit.Banking.Application", "MicroRabbit.Banking.Application\MicroRabbit.Banking.Application.csproj", "{B0416B1A-A229-47BB-9BDA-C477C4F2903B}"
EndProject
Project("{FAE04EC0-301F-11D3-BF4B-00C04F79EFBC}") = "MicroRabbit.Banking.Data", "MicroRabbit.Banking.Data\MicroRabbit.Banking.Data.csproj", "{91CAF4F4-2184-435F-8521-018B0B38886D}"
EndProject
Project("{FAE04EC0-301F-11D3-BF4B-00C04F79EFBC}") = "MicroRabbit.Banking.Domain", "MicroRabbit.Banking.Domain\MicroRabbit.Banking.Domain.csproj", "{A609BC9A-4ABF-46E7-B9D2-11C04AA2E551}"
EndProject
Global
	GlobalSection(SolutionConfigurationPlatforms) = preSolution
		Debug|Any CPU = Debug|Any CPU
		Release|Any CPU = Release|Any CPU
	EndGlobalSection
	GlobalSection(NestedProjects) = preSolution
		{DF76127C-5A50-4C6A-ABD2-EA8EC8CF9525} = {B83B5041-00FA-4D29-9ED0-ED3D46242DE6}
		{DB2DA8B3-7FB8-4692-A0D1-EE08F7EBDCE2} = {5187A55E-677F-4D35-902F-A58433825487}
		{1635CA12-C2BD-4205-8837-73B4DFC943D2} = {765B2DD4-D419-4958-ABD0-E4D08D4118EC}
		{80433672-67C0-43B4-9B7C-1F0CB0835F5F} = {663CFA15-FB8D-4CF9-8577-1BB6486B6F5E}
		{2F33D95E-969F-4874-A1BD-B1C3EFA911DA} = {80433672-67C0-43B4-9B7C-1F0CB0835F5F}
		{47869FC4-92CD-451E-A682-0DC2CEFFEC7C} = {80433672-67C0-43B4-9B7C-1F0CB0835F5F}
		{C820904F-7404-4F84-806D-DE1439CC82D5} = {80433672-67C0-43B4-9B7C-1F0CB0835F5F}
		{342F5E31-3CF4-4DE3-BF1D-CCCC896982EF} = {80433672-67C0-43B4-9B7C-1F0CB0835F5F}
		{93F66C7D-FE63-445B-9149-81BCCC43B61F} = {2F33D95E-969F-4874-A1BD-B1C3EFA911DA}
		{B0416B1A-A229-47BB-9BDA-C477C4F2903B} = {C820904F-7404-4F84-806D-DE1439CC82D5}
		{91CAF4F4-2184-435F-8521-018B0B38886D} = {342F5E31-3CF4-4DE3-BF1D-CCCC896982EF}
		{A609BC9A-4ABF-46E7-B9D2-11C04AA2E551} = {47869FC4-92CD-451E-A682-0DC2CEFFEC7C}
	EndGlobalSection
	GlobalSection(ProjectConfigurationPlatforms) = postSolution
		{DF76127C-5A50-4C6A-ABD2-EA8EC8CF9525}.Debug|Any CPU.ActiveCfg = Debug|Any CPU
		{DF76127C-5A50-4C6A-ABD2-EA8EC8CF9525}.Debug|Any CPU.Build.0 = Debug|Any CPU
		{DF76127C-5A50-4C6A-ABD2-EA8EC8CF9525}.Release|Any CPU.ActiveCfg = Release|Any CPU
		{DF76127C-5A50-4C6A-ABD2-EA8EC8CF9525}.Release|Any CPU.Build.0 = Release|Any CPU
		{DB2DA8B3-7FB8-4692-A0D1-EE08F7EBDCE2}.Debug|Any CPU.ActiveCfg = Debug|Any CPU
		{DB2DA8B3-7FB8-4692-A0D1-EE08F7EBDCE2}.Debug|Any CPU.Build.0 = Debug|Any CPU
		{DB2DA8B3-7FB8-4692-A0D1-EE08F7EBDCE2}.Release|Any CPU.ActiveCfg = Release|Any CPU
		{DB2DA8B3-7FB8-4692-A0D1-EE08F7EBDCE2}.Release|Any CPU.Build.0 = Release|Any CPU
		{1635CA12-C2BD-4205-8837-73B4DFC943D2}.Debug|Any CPU.ActiveCfg = Debug|Any CPU
		{1635CA12-C2BD-4205-8837-73B4DFC943D2}.Debug|Any CPU.Build.0 = Debug|Any CPU
		{1635CA12-C2BD-4205-8837-73B4DFC943D2}.Release|Any CPU.ActiveCfg = Release|Any CPU
		{1635CA12-C2BD-4205-8837-73B4DFC943D2}.Release|Any CPU.Build.0 = Release|Any CPU
		{93F66C7D-FE63-445B-9149-81BCCC43B61F}.Debug|Any CPU.ActiveCfg = Debug|Any CPU
		{93F66C7D-FE63-445B-9149-81BCCC43B61F}.Debug|Any CPU.Build.0 = Debug|Any CPU
		{93F66C7D-FE63-445B-9149-81BCCC43B61F}.Release|Any CPU.ActiveCfg = Release|Any CPU
		{93F66C7D-FE63-445B-9149-81BCCC43B61F}.Release|Any CPU.Build.0 = Release|Any CPU
		{B0416B1A-A229-47BB-9BDA-C477C4F2903B}.Debug|Any CPU.ActiveCfg = Debug|Any CPU
		{B0416B1A-A229-47BB-9BDA-C477C4F2903B}.Debug|Any CPU.Build.0 = Debug|Any CPU
		{B0416B1A-A229-47BB-9BDA-C477C4F2903B}.Release|Any CPU.ActiveCfg = Release|Any CPU
		{B0416B1A-A229-47BB-9BDA-C477C4F2903B}.Release|Any CPU.Build.0 = Release|Any CPU
		{91CAF4F4-2184-435F-8521-018B0B38886D}.Debug|Any CPU.ActiveCfg = Debug|Any CPU
		{91CAF4F4-2184-435F-8521-018B0B38886D}.Debug|Any CPU.Build.0 = Debug|Any CPU
		{91CAF4F4-2184-435F-8521-018B0B38886D}.Release|Any CPU.ActiveCfg = Release|Any CPU
		{91CAF4F4-2184-435F-8521-018B0B38886D}.Release|Any CPU.Build.0 = Release|Any CPU
		{A609BC9A-4ABF-46E7-B9D2-11C04AA2E551}.Debug|Any CPU.ActiveCfg = Debug|Any CPU
		{A609BC9A-4ABF-46E7-B9D2-11C04AA2E551}.Debug|Any CPU.Build.0 = Debug|Any CPU
		{A609BC9A-4ABF-46E7-B9D2-11C04AA2E551}.Release|Any CPU.ActiveCfg = Release|Any CPU
		{A609BC9A-4ABF-46E7-B9D2-11C04AA2E551}.Release|Any CPU.Build.0 = Release|Any CPU
	EndGlobalSection
EndGlobal
